
Microsoft Visual Studio Solution File, Format Version 12.00
# Visual Studio Version 16
VisualStudioVersion = 16.0.30114.105
MinimumVisualStudioVersion = 10.0.40219.1
Project("{9A19103F-16F7-4668-BE54-9A1E7A4F7556}") = "RayCarrot.Common", "RayCarrot.Common\RayCarrot.Common.csproj", "{128F0997-C080-4D30-9230-4131F4361FD6}"
EndProject
Project("{2150E333-8FDC-42A3-9474-1A3956D46DE8}") = "Libraries", "Libraries", "{9C079846-CEBC-4E9F-B647-1ADF6760F930}"
EndProject
Project("{9A19103F-16F7-4668-BE54-9A1E7A4F7556}") = "RayCarrot.Logging", "..\RayCarrot.Logging\RayCarrot.Logging\RayCarrot.Logging.csproj", "{799C977A-B1CD-4994-9B63-43AC75B1AED1}"
EndProject
Global
	GlobalSection(SolutionConfigurationPlatforms) = preSolution
		Debug|Any CPU = Debug|Any CPU
		Release|Any CPU = Release|Any CPU
	EndGlobalSection
	GlobalSection(ProjectConfigurationPlatforms) = postSolution
		{128F0997-C080-4D30-9230-4131F4361FD6}.Debug|Any CPU.ActiveCfg = Debug|Any CPU
		{128F0997-C080-4D30-9230-4131F4361FD6}.Debug|Any CPU.Build.0 = Debug|Any CPU
		{128F0997-C080-4D30-9230-4131F4361FD6}.Release|Any CPU.ActiveCfg = Release|Any CPU
		{128F0997-C080-4D30-9230-4131F4361FD6}.Release|Any CPU.Build.0 = Release|Any CPU
		{799C977A-B1CD-4994-9B63-43AC75B1AED1}.Debug|Any CPU.ActiveCfg = Debug|Any CPU
		{799C977A-B1CD-4994-9B63-43AC75B1AED1}.Debug|Any CPU.Build.0 = Debug|Any CPU
		{799C977A-B1CD-4994-9B63-43AC75B1AED1}.Release|Any CPU.ActiveCfg = Release|Any CPU
		{799C977A-B1CD-4994-9B63-43AC75B1AED1}.Release|Any CPU.Build.0 = Release|Any CPU
	EndGlobalSection
	GlobalSection(SolutionProperties) = preSolution
		HideSolutionNode = FALSE
	EndGlobalSection
	GlobalSection(NestedProjects) = preSolution
		{799C977A-B1CD-4994-9B63-43AC75B1AED1} = {9C079846-CEBC-4E9F-B647-1ADF6760F930}
	EndGlobalSection
	GlobalSection(ExtensibilityGlobals) = postSolution
		SolutionGuid = {EF38462D-58A3-419F-8C2F-8C59F61693D7}
	EndGlobalSection
EndGlobal
